// !$*UTF8*$!
{
	archiveVersion = 1;
	classes = {
	};
	objectVersion = 50;
	objects = {

/* Begin PBXBuildFile section */
		5B8C92832470347300248D49 /* AppDelegate.swift in Sources */ = {isa = PBXBuildFile; fileRef = 5B8C92822470347300248D49 /* AppDelegate.swift */; };
		5B8C92852470347300248D49 /* SceneDelegate.swift in Sources */ = {isa = PBXBuildFile; fileRef = 5B8C92842470347300248D49 /* SceneDelegate.swift */; };
		5B8C92872470347300248D49 /* ViewController.swift in Sources */ = {isa = PBXBuildFile; fileRef = 5B8C92862470347300248D49 /* ViewController.swift */; };
		5B8C928A2470347300248D49 /* Main.storyboard in Resources */ = {isa = PBXBuildFile; fileRef = 5B8C92882470347300248D49 /* Main.storyboard */; };
		5B8C928C2470347400248D49 /* Assets.xcassets in Resources */ = {isa = PBXBuildFile; fileRef = 5B8C928B2470347400248D49 /* Assets.xcassets */; };
		5B8C928F2470347400248D49 /* LaunchScreen.storyboard in Resources */ = {isa = PBXBuildFile; fileRef = 5B8C928D2470347400248D49 /* LaunchScreen.storyboard */; };
		A8AD828B68837F23E698AEBB /* Pods_ConstrainterSample.framework in Frameworks */ = {isa = PBXBuildFile; fileRef = 191932DAE6B2977BBE280D29 /* Pods_ConstrainterSample.framework */; };
/* End PBXBuildFile section */

/* Begin PBXFileReference section */
		191932DAE6B2977BBE280D29 /* Pods_ConstrainterSample.framework */ = {isa = PBXFileReference; explicitFileType = wrapper.framework; includeInIndex = 0; path = Pods_ConstrainterSample.framework; sourceTree = BUILT_PRODUCTS_DIR; };
		5B8C927F2470347300248D49 /* ConstrainterSample.app */ = {isa = PBXFileReference; explicitFileType = wrapper.application; includeInIndex = 0; path = ConstrainterSample.app; sourceTree = BUILT_PRODUCTS_DIR; };
		5B8C92822470347300248D49 /* AppDelegate.swift */ = {isa = PBXFileReference; lastKnownFileType = sourcecode.swift; path = AppDelegate.swift; sourceTree = "<group>"; };
		5B8C92842470347300248D49 /* SceneDelegate.swift */ = {isa = PBXFileReference; lastKnownFileType = sourcecode.swift; path = SceneDelegate.swift; sourceTree = "<group>"; };
		5B8C92862470347300248D49 /* ViewController.swift */ = {isa = PBXFileReference; lastKnownFileType = sourcecode.swift; path = ViewController.swift; sourceTree = "<group>"; };
		5B8C92892470347300248D49 /* Base */ = {isa = PBXFileReference; lastKnownFileType = file.storyboard; name = Base; path = Base.lproj/Main.storyboard; sourceTree = "<group>"; };
		5B8C928B2470347400248D49 /* Assets.xcassets */ = {isa = PBXFileReference; lastKnownFileType = folder.assetcatalog; path = Assets.xcassets; sourceTree = "<group>"; };
		5B8C928E2470347400248D49 /* Base */ = {isa = PBXFileReference; lastKnownFileType = file.storyboard; name = Base; path = Base.lproj/LaunchScreen.storyboard; sourceTree = "<group>"; };
		5B8C92902470347400248D49 /* Info.plist */ = {isa = PBXFileReference; lastKnownFileType = text.plist.xml; path = Info.plist; sourceTree = "<group>"; };
		7C319B58DE228E2B56D5CE70 /* Pods-ConstrainterSample.release.xcconfig */ = {isa = PBXFileReference; includeInIndex = 1; lastKnownFileType = text.xcconfig; name = "Pods-ConstrainterSample.release.xcconfig"; path = "Target Support Files/Pods-ConstrainterSample/Pods-ConstrainterSample.release.xcconfig"; sourceTree = "<group>"; };
		7DD55655608F37D9047856C2 /* Pods-ConstrainterSample.debug.xcconfig */ = {isa = PBXFileReference; includeInIndex = 1; lastKnownFileType = text.xcconfig; name = "Pods-ConstrainterSample.debug.xcconfig"; path = "Target Support Files/Pods-ConstrainterSample/Pods-ConstrainterSample.debug.xcconfig"; sourceTree = "<group>"; };
/* End PBXFileReference section */

/* Begin PBXFrameworksBuildPhase section */
		5B8C927C2470347300248D49 /* Frameworks */ = {
			isa = PBXFrameworksBuildPhase;
			buildActionMask = 2147483647;
			files = (
				A8AD828B68837F23E698AEBB /* Pods_ConstrainterSample.framework in Frameworks */,
			);
			runOnlyForDeploymentPostprocessing = 0;
		};
/* End PBXFrameworksBuildPhase section */

/* Begin PBXGroup section */
		0588346003C850BEF411374E /* Frameworks */ = {
			isa = PBXGroup;
			children = (
				191932DAE6B2977BBE280D29 /* Pods_ConstrainterSample.framework */,
			);
			name = Frameworks;
			sourceTree = "<group>";
		};
		51B44E1FF93A822353265402 /* Pods */ = {
			isa = PBXGroup;
			children = (
				7DD55655608F37D9047856C2 /* Pods-ConstrainterSample.debug.xcconfig */,
				7C319B58DE228E2B56D5CE70 /* Pods-ConstrainterSample.release.xcconfig */,
			);
			name = Pods;
			path = Pods;
			sourceTree = "<group>";
		};
		5B8C92762470347300248D49 = {
			isa = PBXGroup;
			children = (
				5B8C92812470347300248D49 /* ConstrainterSample */,
				5B8C92802470347300248D49 /* Products */,
				51B44E1FF93A822353265402 /* Pods */,
				0588346003C850BEF411374E /* Frameworks */,
			);
			sourceTree = "<group>";
		};
		5B8C92802470347300248D49 /* Products */ = {
			isa = PBXGroup;
			children = (
				5B8C927F2470347300248D49 /* ConstrainterSample.app */,
			);
			name = Products;
			sourceTree = "<group>";
		};
		5B8C92812470347300248D49 /* ConstrainterSample */ = {
			isa = PBXGroup;
			children = (
				5B8C92822470347300248D49 /* AppDelegate.swift */,
				5B8C92842470347300248D49 /* SceneDelegate.swift */,
				5B8C92862470347300248D49 /* ViewController.swift */,
				5B8C92882470347300248D49 /* Main.storyboard */,
				5B8C928B2470347400248D49 /* Assets.xcassets */,
				5B8C928D2470347400248D49 /* LaunchScreen.storyboard */,
				5B8C92902470347400248D49 /* Info.plist */,
			);
			path = ConstrainterSample;
			sourceTree = "<group>";
		};
/* End PBXGroup section */

/* Begin PBXNativeTarget section */
		5B8C927E2470347300248D49 /* ConstrainterSample */ = {
			isa = PBXNativeTarget;
			buildConfigurationList = 5B8C92932470347400248D49 /* Build configuration list for PBXNativeTarget "ConstrainterSample" */;
			buildPhases = (
				2D27B4B4A025B61C7B869BF2 /* [CP] Check Pods Manifest.lock */,
				5B8C927B2470347300248D49 /* Sources */,
				5B8C927C2470347300248D49 /* Frameworks */,
				5B8C927D2470347300248D49 /* Resources */,
				5850DEB755D3FA7392A2E3DD /* [CP] Embed Pods Frameworks */,
			);
			buildRules = (
			);
			dependencies = (
			);
			name = ConstrainterSample;
			productName = ConstrainterSample;
			productReference = 5B8C927F2470347300248D49 /* ConstrainterSample.app */;
			productType = "com.apple.product-type.application";
		};
/* End PBXNativeTarget section */

/* Begin PBXProject section */
		5B8C92772470347300248D49 /* Project object */ = {
			isa = PBXProject;
			attributes = {
				LastSwiftUpdateCheck = 1140;
				LastUpgradeCheck = 1140;
				ORGANIZATIONNAME = aarashgoodari;
				TargetAttributes = {
					5B8C927E2470347300248D49 = {
						CreatedOnToolsVersion = 11.4.1;
					};
				};
			};
			buildConfigurationList = 5B8C927A2470347300248D49 /* Build configuration list for PBXProject "ConstrainterSample" */;
			compatibilityVersion = "Xcode 9.3";
			developmentRegion = en;
			hasScannedForEncodings = 0;
			knownRegions = (
				en,
				Base,
			);
			mainGroup = 5B8C92762470347300248D49;
			productRefGroup = 5B8C92802470347300248D49 /* Products */;
			projectDirPath = "";
			projectRoot = "";
			targets = (
				5B8C927E2470347300248D49 /* ConstrainterSample */,
			);
		};
/* End PBXProject section */

/* Begin PBXResourcesBuildPhase section */
		5B8C927D2470347300248D49 /* Resources */ = {
			isa = PBXResourcesBuildPhase;
			buildActionMask = 2147483647;
			files = (
				5B8C928F2470347400248D49 /* LaunchScreen.storyboard in Resources */,
				5B8C928C2470347400248D49 /* Assets.xcassets in Resources */,
				5B8C928A2470347300248D49 /* Main.storyboard in Resources */,
			);
			runOnlyForDeploymentPostprocessing = 0;
		};
/* End PBXResourcesBuildPhase section */

/* Begin PBXShellScriptBuildPhase section */
		2D27B4B4A025B61C7B869BF2 /* [CP] Check Pods Manifest.lock */ = {
			isa = PBXShellScriptBuildPhase;
			buildActionMask = 2147483647;
			files = (
			);
			inputFileListPaths = (
			);
			inputPaths = (
				"${PODS_PODFILE_DIR_PATH}/Podfile.lock",
				"${PODS_ROOT}/Manifest.lock",
			);
			name = "[CP] Check Pods Manifest.lock";
			outputFileListPaths = (
			);
			outputPaths = (
				"$(DERIVED_FILE_DIR)/Pods-ConstrainterSample-checkManifestLockResult.txt",
			);
			runOnlyForDeploymentPostprocessing = 0;
			shellPath = /bin/sh;
			shellScript = "diff \"${PODS_PODFILE_DIR_PATH}/Podfile.lock\" \"${PODS_ROOT}/Manifest.lock\" > /dev/null\nif [ $? != 0 ] ; then\n    # print error to STDERR\n    echo \"error: The sandbox is not in sync with the Podfile.lock. Run 'pod install' or update your CocoaPods installation.\" >&2\n    exit 1\nfi\n# This output is used by Xcode 'outputs' to avoid re-running this script phase.\necho \"SUCCESS\" > \"${SCRIPT_OUTPUT_FILE_0}\"\n";
			showEnvVarsInLog = 0;
		};
		5850DEB755D3FA7392A2E3DD /* [CP] Embed Pods Frameworks */ = {
			isa = PBXShellScriptBuildPhase;
			buildActionMask = 2147483647;
			files = (
			);
			inputFileListPaths = (
				"${PODS_ROOT}/Target Support Files/Pods-ConstrainterSample/Pods-ConstrainterSample-frameworks-${CONFIGURATION}-input-files.xcfilelist",
			);
			name = "[CP] Embed Pods Frameworks";
			outputFileListPaths = (
				"${PODS_ROOT}/Target Support Files/Pods-ConstrainterSample/Pods-ConstrainterSample-frameworks-${CONFIGURATION}-output-files.xcfilelist",
			);
			runOnlyForDeploymentPostprocessing = 0;
			shellPath = /bin/sh;
			shellScript = "\"${PODS_ROOT}/Target Support Files/Pods-ConstrainterSample/Pods-ConstrainterSample-frameworks.sh\"\n";
			showEnvVarsInLog = 0;
		};
/* End PBXShellScriptBuildPhase section */

/* Begin PBXSourcesBuildPhase section */
		5B8C927B2470347300248D49 /* Sources */ = {
			isa = PBXSourcesBuildPhase;
			buildActionMask = 2147483647;
			files = (
				5B8C92872470347300248D49 /* ViewController.swift in Sources */,
				5B8C92832470347300248D49 /* AppDelegate.swift in Sources */,
				5B8C92852470347300248D49 /* SceneDelegate.swift in Sources */,
			);
			runOnlyForDeploymentPostprocessing = 0;
		};
/* End PBXSourcesBuildPhase section */

/* Begin PBXVariantGroup section */
		5B8C92882470347300248D49 /* Main.storyboard */ = {
			isa = PBXVariantGroup;
			children = (
				5B8C92892470347300248D49 /* Base */,
			);
			name = Main.storyboard;
			sourceTree = "<group>";
		};
		5B8C928D2470347400248D49 /* LaunchScreen.storyboard */ = {
			isa = PBXVariantGroup;
			children = (
				5B8C928E2470347400248D49 /* Base */,
			);
			name = LaunchScreen.storyboard;
			sourceTree = "<group>";
		};
/* End PBXVariantGroup section */

/* Begin XCBuildConfiguration section */
		5B8C92912470347400248D49 /* Debug */ = {
			isa = XCBuildConfiguration;
			buildSettings = {
				ALWAYS_SEARCH_USER_PATHS = NO;
				CLANG_ANALYZER_NONNULL = YES;
				CLANG_ANALYZER_NUMBER_OBJECT_CONVERSION = YES_AGGRESSIVE;
				CLANG_CXX_LANGUAGE_STANDARD = "gnu++14";
				CLANG_CXX_LIBRARY = "libc++";
				CLANG_ENABLE_MODULES = YES;
				CLANG_ENABLE_OBJC_ARC = YES;
				CLANG_ENABLE_OBJC_WEAK = YES;
				CLANG_WARN_BLOCK_CAPTURE_AUTORELEASING = YES;
				CLANG_WARN_BOOL_CONVERSION = YES;
				CLANG_WARN_COMMA = YES;
				CLANG_WARN_CONSTANT_CONVERSION = YES;
				CLANG_WARN_DEPRECATED_OBJC_IMPLEMENTATIONS = YES;
				CLANG_WARN_DIRECT_OBJC_ISA_USAGE = YES_ERROR;
				CLANG_WARN_DOCUMENTATION_COMMENTS = YES;
				CLANG_WARN_EMPTY_BODY = YES;
				CLANG_WARN_ENUM_CONVERSION = YES;
				CLANG_WARN_INFINITE_RECURSION = YES;
				CLANG_WARN_INT_CONVERSION = YES;
				CLANG_WARN_NON_LITERAL_NULL_CONVERSION = YES;
				CLANG_WARN_OBJC_IMPLICIT_RETAIN_SELF = YES;
				CLANG_WARN_OBJC_LITERAL_CONVERSION = YES;
				CLANG_WARN_OBJC_ROOT_CLASS = YES_ERROR;
				CLANG_WARN_RANGE_LOOP_ANALYSIS = YES;
				CLANG_WARN_STRICT_PROTOTYPES = YES;
				CLANG_WARN_SUSPICIOUS_MOVE = YES;
				CLANG_WARN_UNGUARDED_AVAILABILITY = YES_AGGRESSIVE;
				CLANG_WARN_UNREACHABLE_CODE = YES;
				CLANG_WARN__DUPLICATE_METHOD_MATCH = YES;
				COPY_PHASE_STRIP = NO;
				DEBUG_INFORMATION_FORMAT = dwarf;
				ENABLE_STRICT_OBJC_MSGSEND = YES;
				ENABLE_TESTABILITY = YES;
				GCC_C_LANGUAGE_STANDARD = gnu11;
				GCC_DYNAMIC_NO_PIC = NO;
				GCC_NO_COMMON_BLOCKS = YES;
				GCC_OPTIMIZATION_LEVEL = 0;
				GCC_PREPROCESSOR_DEFINITIONS = (
					"DEBUG=1",
					"$(inherited)",
				);
				GCC_WARN_64_TO_32_BIT_CONVERSION = YES;
				GCC_WARN_ABOUT_RETURN_TYPE = YES_ERROR;
				GCC_WARN_UNDECLARED_SELECTOR = YES;
				GCC_WARN_UNINITIALIZED_AUTOS = YES_AGGRESSIVE;
				GCC_WARN_UNUSED_FUNCTION = YES;
				GCC_WARN_UNUSED_VARIABLE = YES;
				IPHONEOS_DEPLOYMENT_TARGET = 13.4;
				MTL_ENABLE_DEBUG_INFO = INCLUDE_SOURCE;
				MTL_FAST_MATH = YES;
				ONLY_ACTIVE_ARCH = YES;
				SDKROOT = iphoneos;
				SWIFT_ACTIVE_COMPILATION_CONDITIONS = DEBUG;
				SWIFT_OPTIMIZATION_LEVEL = "-Onone";
			};
			name = Debug;
		};
		5B8C92922470347400248D49 /* Release */ = {
			isa = XCBuildConfiguration;
			buildSettings = {
				ALWAYS_SEARCH_USER_PATHS = NO;
				CLANG_ANALYZER_NONNULL = YES;
				CLANG_ANALYZER_NUMBER_OBJECT_CONVERSION = YES_AGGRESSIVE;
				CLANG_CXX_LANGUAGE_STANDARD = "gnu++14";
				CLANG_CXX_LIBRARY = "libc++";
				CLANG_ENABLE_MODULES = YES;
				CLANG_ENABLE_OBJC_ARC = YES;
				CLANG_ENABLE_OBJC_WEAK = YES;
				CLANG_WARN_BLOCK_CAPTURE_AUTORELEASING = YES;
				CLANG_WARN_BOOL_CONVERSION = YES;
				CLANG_WARN_COMMA = YES;
				CLANG_WARN_CONSTANT_CONVERSION = YES;
				CLANG_WARN_DEPRECATED_OBJC_IMPLEMENTATIONS = YES;
				CLANG_WARN_DIRECT_OBJC_ISA_USAGE = YES_ERROR;
				CLANG_WARN_DOCUMENTATION_COMMENTS = YES;
				CLANG_WARN_EMPTY_BODY = YES;
				CLANG_WARN_ENUM_CONVERSION = YES;
				CLANG_WARN_INFINITE_RECURSION = YES;
				CLANG_WARN_INT_CONVERSION = YES;
				CLANG_WARN_NON_LITERAL_NULL_CONVERSION = YES;
				CLANG_WARN_OBJC_IMPLICIT_RETAIN_SELF = YES;
				CLANG_WARN_OBJC_LITERAL_CONVERSION = YES;
				CLANG_WARN_OBJC_ROOT_CLASS = YES_ERROR;
				CLANG_WARN_RANGE_LOOP_ANALYSIS = YES;
				CLANG_WARN_STRICT_PROTOTYPES = YES;
				CLANG_WARN_SUSPICIOUS_MOVE = YES;
				CLANG_WARN_UNGUARDED_AVAILABILITY = YES_AGGRESSIVE;
				CLANG_WARN_UNREACHABLE_CODE = YES;
				CLANG_WARN__DUPLICATE_METHOD_MATCH = YES;
				COPY_PHASE_STRIP = NO;
				DEBUG_INFORMATION_FORMAT = "dwarf-with-dsym";
				ENABLE_NS_ASSERTIONS = NO;
				ENABLE_STRICT_OBJC_MSGSEND = YES;
				GCC_C_LANGUAGE_STANDARD = gnu11;
				GCC_NO_COMMON_BLOCKS = YES;
				GCC_WARN_64_TO_32_BIT_CONVERSION = YES;
				GCC_WARN_ABOUT_RETURN_TYPE = YES_ERROR;
				GCC_WARN_UNDECLARED_SELECTOR = YES;
				GCC_WARN_UNINITIALIZED_AUTOS = YES_AGGRESSIVE;
				GCC_WARN_UNUSED_FUNCTION = YES;
				GCC_WARN_UNUSED_VARIABLE = YES;
				IPHONEOS_DEPLOYMENT_TARGET = 13.4;
				MTL_ENABLE_DEBUG_INFO = NO;
				MTL_FAST_MATH = YES;
				SDKROOT = iphoneos;
				SWIFT_COMPILATION_MODE = wholemodule;
				SWIFT_OPTIMIZATION_LEVEL = "-O";
				VALIDATE_PRODUCT = YES;
			};
			name = Release;
		};
		5B8C92942470347400248D49 /* Debug */ = {
			isa = XCBuildConfiguration;
			baseConfigurationReference = 7DD55655608F37D9047856C2 /* Pods-ConstrainterSample.debug.xcconfig */;
			buildSettings = {
				ASSETCATALOG_COMPILER_APPICON_NAME = AppIcon;
				CODE_SIGN_STYLE = Automatic;
				DEVELOPMENT_TEAM = 5M548JFK3K;
				INFOPLIST_FILE = ConstrainterSample/Info.plist;
				LD_RUNPATH_SEARCH_PATHS = (
					"$(inherited)",
					"@executable_path/Frameworks",
				);
				PRODUCT_BUNDLE_IDENTIFIER = ir.aarashgoodari.ConstrainterSample;
				PRODUCT_NAME = "$(TARGET_NAME)";
				SWIFT_VERSION = 5.0;
				TARGETED_DEVICE_FAMILY = "1,2";
			};
			name = Debug;
		};
		5B8C92952470347400248D49 /* Release */ = {
			isa = XCBuildConfiguration;
			baseConfigurationReference = 7C319B58DE228E2B56D5CE70 /* Pods-ConstrainterSample.release.xcconfig */;
			buildSettings = {
				ASSETCATALOG_COMPILER_APPICON_NAME = AppIcon;
				CODE_SIGN_STYLE = Automatic;
				DEVELOPMENT_TEAM = 5M548JFK3K;
				INFOPLIST_FILE = ConstrainterSample/Info.plist;
				LD_RUNPATH_SEARCH_PATHS = (
					"$(inherited)",
					"@executable_path/Frameworks",
				);
				PRODUCT_BUNDLE_IDENTIFIER = ir.aarashgoodari.ConstrainterSample;
				PRODUCT_NAME = "$(TARGET_NAME)";
				SWIFT_VERSION = 5.0;
				TARGETED_DEVICE_FAMILY = "1,2";
			};
			name = Release;
		};
/* End XCBuildConfiguration section */

/* Begin XCConfigurationList section */
		5B8C927A2470347300248D49 /* Build configuration list for PBXProject "ConstrainterSample" */ = {
			isa = XCConfigurationList;
			buildConfigurations = (
				5B8C92912470347400248D49 /* Debug */,
				5B8C92922470347400248D49 /* Release */,
			);
			defaultConfigurationIsVisible = 0;
			defaultConfigurationName = Release;
		};
		5B8C92932470347400248D49 /* Build configuration list for PBXNativeTarget "ConstrainterSample" */ = {
			isa = XCConfigurationList;
			buildConfigurations = (
				5B8C92942470347400248D49 /* Debug */,
				5B8C92952470347400248D49 /* Release */,
			);
			defaultConfigurationIsVisible = 0;
			defaultConfigurationName = Release;
		};
/* End XCConfigurationList section */
	};
	rootObject = 5B8C92772470347300248D49 /* Project object */;
}
